
Microsoft Visual Studio Solution File, Format Version 12.00
# Visual Studio Version 17
VisualStudioVersion = 17.9.34902.65
MinimumVisualStudioVersion = 10.0.40219.1
Project("{2150E333-8FDC-42A3-9474-1A3956D46DE8}") = "Core", "Core", "{C5BEF2BA-2FBA-48AA-9367-1684442EA807}"
EndProject
Project("{9A19103F-16F7-4668-BE54-9A1E7A4F7556}") = "BloggingPlatform.Domain", "BloggingPlatform.Domain\BloggingPlatform.Domain.csproj", "{579795E0-2351-425E-A0B1-276DA503AE9D}"
EndProject
Project("{9A19103F-16F7-4668-BE54-9A1E7A4F7556}") = "BloggingPlatform.Application", "BloggingPlatform.Application\BloggingPlatform.Application.csproj", "{FEBCEA16-D089-468C-8113-1D8D14B7BC5F}"
	ProjectSection(ProjectDependencies) = postProject
		{67C143B7-98B9-4147-9A31-9FB4DE8F4445} = {67C143B7-98B9-4147-9A31-9FB4DE8F4445}
		{C9A31A15-FB8B-42FF-BE05-7A47E39CB2BA} = {C9A31A15-FB8B-42FF-BE05-7A47E39CB2BA}
		{E504B9B3-92E4-48F6-9123-C4FA2D77FC40} = {E504B9B3-92E4-48F6-9123-C4FA2D77FC40}
	EndProjectSection
EndProject
Project("{2150E333-8FDC-42A3-9474-1A3956D46DE8}") = "Infrastructure", "Infrastructure", "{99C861E1-5AC9-494F-A51F-921DF94642EF}"
EndProject
Project("{9A19103F-16F7-4668-BE54-9A1E7A4F7556}") = "BloggingPlatform.Persistence", "BloggingPlatform.Persistence\BloggingPlatform.Persistence.csproj", "{DA544D53-355F-46CF-9BD5-B55597D99A2B}"
EndProject
Project("{2150E333-8FDC-42A3-9474-1A3956D46DE8}") = "Presentation", "Presentation", "{3D6EC461-BA7E-41BC-9117-DB41C6A83E28}"
EndProject
Project("{9A19103F-16F7-4668-BE54-9A1E7A4F7556}") = "BloggingPlatform.WebAPI", "BloggingPlatform.WebAPI\BloggingPlatform.WebAPI.csproj", "{53A15AD2-7E92-48F0-A286-5A091682CDD5}"
	ProjectSection(ProjectDependencies) = postProject
		{127591F1-0D81-4DC2-99F3-E713B2A252D5} = {127591F1-0D81-4DC2-99F3-E713B2A252D5}
		{67C143B7-98B9-4147-9A31-9FB4DE8F4445} = {67C143B7-98B9-4147-9A31-9FB4DE8F4445}
		{C438B30A-A85F-4DE4-9863-E3FEBE55A05D} = {C438B30A-A85F-4DE4-9863-E3FEBE55A05D}
	EndProjectSection
EndProject
Project("{2150E333-8FDC-42A3-9474-1A3956D46DE8}") = "Application", "Application", "{F63A6DF2-23C6-4B7C-8473-9BF51C3B0954}"
EndProject
Project("{FAE04EC0-301F-11D3-BF4B-00C04F79EFBC}") = "BloggingPlatform.DTO", "BloggingPlatform.DTO\BloggingPlatform.DTO.csproj", "{C9A31A15-FB8B-42FF-BE05-7A47E39CB2BA}"
	ProjectSection(ProjectDependencies) = postProject
		{579795E0-2351-425E-A0B1-276DA503AE9D} = {579795E0-2351-425E-A0B1-276DA503AE9D}
	EndProjectSection
EndProject
Project("{FAE04EC0-301F-11D3-BF4B-00C04F79EFBC}") = "BloggingPlatform.Strapping", "BloggingPlatform.Strapping\BloggingPlatform.Strapping.csproj", "{127591F1-0D81-4DC2-99F3-E713B2A252D5}"
	ProjectSection(ProjectDependencies) = postProject
		{C438B30A-A85F-4DE4-9863-E3FEBE55A05D} = {C438B30A-A85F-4DE4-9863-E3FEBE55A05D}
		{DA544D53-355F-46CF-9BD5-B55597D99A2B} = {DA544D53-355F-46CF-9BD5-B55597D99A2B}
		{FEBCEA16-D089-468C-8113-1D8D14B7BC5F} = {FEBCEA16-D089-468C-8113-1D8D14B7BC5F}
	EndProjectSection
EndProject
Project("{FAE04EC0-301F-11D3-BF4B-00C04F79EFBC}") = "BloggingPlatform.RepositoryInterface", "BloggingPlatform.RepositoryInterfaces\BloggingPlatform.RepositoryInterface.csproj", "{E504B9B3-92E4-48F6-9123-C4FA2D77FC40}"
	ProjectSection(ProjectDependencies) = postProject
		{579795E0-2351-425E-A0B1-276DA503AE9D} = {579795E0-2351-425E-A0B1-276DA503AE9D}
		{C9A31A15-FB8B-42FF-BE05-7A47E39CB2BA} = {C9A31A15-FB8B-42FF-BE05-7A47E39CB2BA}
	EndProjectSection
EndProject
Project("{FAE04EC0-301F-11D3-BF4B-00C04F79EFBC}") = "BloggingPlatform.ServiceInterface", "BloggingPlatform.ServiceInterfaces\BloggingPlatform.ServiceInterface.csproj", "{67C143B7-98B9-4147-9A31-9FB4DE8F4445}"
	ProjectSection(ProjectDependencies) = postProject
		{579795E0-2351-425E-A0B1-276DA503AE9D} = {579795E0-2351-425E-A0B1-276DA503AE9D}
		{C9A31A15-FB8B-42FF-BE05-7A47E39CB2BA} = {C9A31A15-FB8B-42FF-BE05-7A47E39CB2BA}
	EndProjectSection
EndProject
Project("{FAE04EC0-301F-11D3-BF4B-00C04F79EFBC}") = "BloggingPlatform.Repository", "BloggingPlatform.Repository\BloggingPlatform.Repository.csproj", "{C438B30A-A85F-4DE4-9863-E3FEBE55A05D}"
	ProjectSection(ProjectDependencies) = postProject
		{DA544D53-355F-46CF-9BD5-B55597D99A2B} = {DA544D53-355F-46CF-9BD5-B55597D99A2B}
		{E504B9B3-92E4-48F6-9123-C4FA2D77FC40} = {E504B9B3-92E4-48F6-9123-C4FA2D77FC40}
	EndProjectSection
EndProject
Global
	GlobalSection(SolutionConfigurationPlatforms) = preSolution
		Debug|Any CPU = Debug|Any CPU
		Release|Any CPU = Release|Any CPU
	EndGlobalSection
	GlobalSection(ProjectConfigurationPlatforms) = postSolution
		{579795E0-2351-425E-A0B1-276DA503AE9D}.Debug|Any CPU.ActiveCfg = Debug|Any CPU
		{579795E0-2351-425E-A0B1-276DA503AE9D}.Debug|Any CPU.Build.0 = Debug|Any CPU
		{579795E0-2351-425E-A0B1-276DA503AE9D}.Release|Any CPU.ActiveCfg = Release|Any CPU
		{579795E0-2351-425E-A0B1-276DA503AE9D}.Release|Any CPU.Build.0 = Release|Any CPU
		{FEBCEA16-D089-468C-8113-1D8D14B7BC5F}.Debug|Any CPU.ActiveCfg = Debug|Any CPU
		{FEBCEA16-D089-468C-8113-1D8D14B7BC5F}.Debug|Any CPU.Build.0 = Debug|Any CPU
		{FEBCEA16-D089-468C-8113-1D8D14B7BC5F}.Release|Any CPU.ActiveCfg = Release|Any CPU
		{FEBCEA16-D089-468C-8113-1D8D14B7BC5F}.Release|Any CPU.Build.0 = Release|Any CPU
		{DA544D53-355F-46CF-9BD5-B55597D99A2B}.Debug|Any CPU.ActiveCfg = Debug|Any CPU
		{DA544D53-355F-46CF-9BD5-B55597D99A2B}.Debug|Any CPU.Build.0 = Debug|Any CPU
		{DA544D53-355F-46CF-9BD5-B55597D99A2B}.Release|Any CPU.ActiveCfg = Release|Any CPU
		{DA544D53-355F-46CF-9BD5-B55597D99A2B}.Release|Any CPU.Build.0 = Release|Any CPU
		{53A15AD2-7E92-48F0-A286-5A091682CDD5}.Debug|Any CPU.ActiveCfg = Debug|Any CPU
		{53A15AD2-7E92-48F0-A286-5A091682CDD5}.Debug|Any CPU.Build.0 = Debug|Any CPU
		{53A15AD2-7E92-48F0-A286-5A091682CDD5}.Release|Any CPU.ActiveCfg = Release|Any CPU
		{53A15AD2-7E92-48F0-A286-5A091682CDD5}.Release|Any CPU.Build.0 = Release|Any CPU
		{C9A31A15-FB8B-42FF-BE05-7A47E39CB2BA}.Debug|Any CPU.ActiveCfg = Debug|Any CPU
		{C9A31A15-FB8B-42FF-BE05-7A47E39CB2BA}.Debug|Any CPU.Build.0 = Debug|Any CPU
		{C9A31A15-FB8B-42FF-BE05-7A47E39CB2BA}.Release|Any CPU.ActiveCfg = Release|Any CPU
		{C9A31A15-FB8B-42FF-BE05-7A47E39CB2BA}.Release|Any CPU.Build.0 = Release|Any CPU
		{127591F1-0D81-4DC2-99F3-E713B2A252D5}.Debug|Any CPU.ActiveCfg = Debug|Any CPU
		{127591F1-0D81-4DC2-99F3-E713B2A252D5}.Debug|Any CPU.Build.0 = Debug|Any CPU
		{127591F1-0D81-4DC2-99F3-E713B2A252D5}.Release|Any CPU.ActiveCfg = Release|Any CPU
		{127591F1-0D81-4DC2-99F3-E713B2A252D5}.Release|Any CPU.Build.0 = Release|Any CPU
		{E504B9B3-92E4-48F6-9123-C4FA2D77FC40}.Debug|Any CPU.ActiveCfg = Debug|Any CPU
		{E504B9B3-92E4-48F6-9123-C4FA2D77FC40}.Debug|Any CPU.Build.0 = Debug|Any CPU
		{E504B9B3-92E4-48F6-9123-C4FA2D77FC40}.Release|Any CPU.ActiveCfg = Release|Any CPU
		{E504B9B3-92E4-48F6-9123-C4FA2D77FC40}.Release|Any CPU.Build.0 = Release|Any CPU
		{67C143B7-98B9-4147-9A31-9FB4DE8F4445}.Debug|Any CPU.ActiveCfg = Debug|Any CPU
		{67C143B7-98B9-4147-9A31-9FB4DE8F4445}.Debug|Any CPU.Build.0 = Debug|Any CPU
		{67C143B7-98B9-4147-9A31-9FB4DE8F4445}.Release|Any CPU.ActiveCfg = Release|Any CPU
		{67C143B7-98B9-4147-9A31-9FB4DE8F4445}.Release|Any CPU.Build.0 = Release|Any CPU
		{C438B30A-A85F-4DE4-9863-E3FEBE55A05D}.Debug|Any CPU.ActiveCfg = Debug|Any CPU
		{C438B30A-A85F-4DE4-9863-E3FEBE55A05D}.Debug|Any CPU.Build.0 = Debug|Any CPU
		{C438B30A-A85F-4DE4-9863-E3FEBE55A05D}.Release|Any CPU.ActiveCfg = Release|Any CPU
		{C438B30A-A85F-4DE4-9863-E3FEBE55A05D}.Release|Any CPU.Build.0 = Release|Any CPU
	EndGlobalSection
	GlobalSection(SolutionProperties) = preSolution
		HideSolutionNode = FALSE
	EndGlobalSection
	GlobalSection(NestedProjects) = preSolution
		{579795E0-2351-425E-A0B1-276DA503AE9D} = {C5BEF2BA-2FBA-48AA-9367-1684442EA807}
		{FEBCEA16-D089-468C-8113-1D8D14B7BC5F} = {F63A6DF2-23C6-4B7C-8473-9BF51C3B0954}
		{DA544D53-355F-46CF-9BD5-B55597D99A2B} = {99C861E1-5AC9-494F-A51F-921DF94642EF}
		{53A15AD2-7E92-48F0-A286-5A091682CDD5} = {3D6EC461-BA7E-41BC-9117-DB41C6A83E28}
		{C9A31A15-FB8B-42FF-BE05-7A47E39CB2BA} = {3D6EC461-BA7E-41BC-9117-DB41C6A83E28}
		{127591F1-0D81-4DC2-99F3-E713B2A252D5} = {3D6EC461-BA7E-41BC-9117-DB41C6A83E28}
		{E504B9B3-92E4-48F6-9123-C4FA2D77FC40} = {F63A6DF2-23C6-4B7C-8473-9BF51C3B0954}
		{67C143B7-98B9-4147-9A31-9FB4DE8F4445} = {F63A6DF2-23C6-4B7C-8473-9BF51C3B0954}
		{C438B30A-A85F-4DE4-9863-E3FEBE55A05D} = {99C861E1-5AC9-494F-A51F-921DF94642EF}
	EndGlobalSection
	GlobalSection(ExtensibilityGlobals) = postSolution
		SolutionGuid = {F3A8BD99-0961-41E1-8C1E-C4ED62E69416}
	EndGlobalSection
EndGlobal
